
Microsoft Visual Studio Solution File, Format Version 12.00
# Visual Studio 2012
Project("{FAE04EC0-301F-11D3-BF4B-00C04F79EFBC}") = "QrCodeTest", "QrCodeTest\QrCodeTest.csproj", "{03D5EDE5-8847-4A40-9347-2EED57AA13BB}"
EndProject
Global
	GlobalSection(SolutionConfigurationPlatforms) = preSolution
		Debug|Any CPU = Debug|Any CPU
		Debug|Mixed Platforms = Debug|Mixed Platforms
		Debug|x86 = Debug|x86
		Release|Any CPU = Release|Any CPU
		Release|Mixed Platforms = Release|Mixed Platforms
		Release|x86 = Release|x86
	EndGlobalSection
	GlobalSection(ProjectConfigurationPlatforms) = postSolution
		{03D5EDE5-8847-4A40-9347-2EED57AA13BB}.Debug|Any CPU.ActiveCfg = Debug|Any CPU
		{03D5EDE5-8847-4A40-9347-2EED57AA13BB}.Debug|Any CPU.Build.0 = Debug|Any CPU
		{03D5EDE5-8847-4A40-9347-2EED57AA13BB}.Debug|Mixed Platforms.ActiveCfg = Debug|Any CPU
		{03D5EDE5-8847-4A40-9347-2EED57AA13BB}.Debug|Mixed Platforms.Build.0 = Debug|Any CPU
		{03D5EDE5-8847-4A40-9347-2EED57AA13BB}.Debug|x86.ActiveCfg = Debug|Any CPU
		{03D5EDE5-8847-4A40-9347-2EED57AA13BB}.Release|Any CPU.ActiveCfg = Release|Any CPU
		{03D5EDE5-8847-4A40-9347-2EED57AA13BB}.Release|Any CPU.Build.0 = Release|Any CPU
		{03D5EDE5-8847-4A40-9347-2EED57AA13BB}.Release|Mixed Platforms.ActiveCfg = Release|Any CPU
		{03D5EDE5-8847-4A40-9347-2EED57AA13BB}.Release|Mixed Platforms.Build.0 = Release|Any CPU
		{03D5EDE5-8847-4A40-9347-2EED57AA13BB}.Release|x86.ActiveCfg = Release|Any CPU
	EndGlobalSection
	GlobalSection(SolutionProperties) = preSolution
		HideSolutionNode = FALSE
	EndGlobalSection
EndGlobal
